{
  "lockfileVersion": 1,
  "dependencies": {
    "ramda": {
      "version": "0.24.1",
      "resolved": "https://registry.npmjs.org/ramda/-/ramda-0.24.1.tgz",
      "integrity": "sha1-w7d1UZfzW43DUCIoJixMkd22uFc="
    },
    "redux-saga": {
      "version": "0.15.4",
      "resolved": "https://registry.npmjs.org/redux-saga/-/redux-saga-0.15.4.tgz",
      "integrity": "sha1-J5gqlHKABTt+y7XTFwyDel/msmE="
    }
  }
}
